<?xml version="1.0" encoding="utf-8"?>
<Project ToolsVersion="4.0" xmlns="http://schemas.microsoft.com/developer/msbuild/2003">
  <ItemGroup>
    <Filter Include="Source Files">
      <UniqueIdentifier>{4FC737F1-C7A5-4376-A066-2A32D752A2FF}</UniqueIdentifier>
      <Extensions>cpp;c;cc;cxx;c++;cppm;ixx;def;odl;idl;hpj;bat;asm;asmx</Extensions>
    </Filter>
    <Filter Include="Header Files">
      <UniqueIdentifier>{93995380-89BD-4b04-88EB-625FBE52EBFB}</UniqueIdentifier>
      <Extensions>h;hh;hpp;hxx;h++;hm;inl;inc;ipp;xsd</Extensions>
    </Filter>
    <Filter Include="Resource Files">
      <UniqueIdentifier>{67DA6AB6-F800-4c08-8B7A-83BB121AAD01}</UniqueIdentifier>
      <Extensions>rc;ico;cur;bmp;dlg;rc2;rct;bin;rgs;gif;jpg;jpeg;jpe;resx;tiff;tif;png;wav;mfcribbon-ms</Extensions>
    </Filter>
  </ItemGroup>
  <ItemGroup>
    <ClCompile Include="sources\main.cpp">
      <Filter>Source Files</Filter>
    </ClCompile>
    <ClCompile Include="sources\window\sdlwindow.cpp">
      <Filter>Source Files</Filter>
    </ClCompile>
    <ClCompile Include="sources\app.cpp">
      <Filter>Source Files</Filter>
    </ClCompile>
    <ClCompile Include="sources\core\device.cpp">
      <Filter>Source Files</Filter>
    </ClCompile>
    <ClCompile Include="sources\core\deviceManager.cpp">
      <Filter>Source Files</Filter>
    </ClCompile>
    <ClCompile Include="sources\core\cmdManager.cpp">
      <Filter>Source Files</Filter>
    </ClCompile>
    <ClCompile Include="sources\resources\frame.cpp">
      <Filter>Source Files</Filter>
    </ClCompile>
    <ClCompile Include="sources\resources\image.cpp">
      <Filter>Source Files</Filter>
    </ClCompile>
    <ClCompile Include="sources\renderpass\renderpass.cpp">
      <Filter>Source Files</Filter>
    </ClCompile>
    <ClCompile Include="sources\core\swapchain.cpp">
      <Filter>Source Files</Filter>
    </ClCompile>
    <ClCompile Include="sources\resources\shader.cpp">
      <Filter>Source Files</Filter>
    </ClCompile>
    <ClCompile Include="sources\core\descriptor.cpp">
      <Filter>Source Files</Filter>
    </ClCompile>
    <ClCompile Include="sources\pipeline\pipeline.cpp">
      <Filter>Source Files</Filter>
    </ClCompile>
    <ClCompile Include="sources\structure\defaultStructure.cpp">
      <Filter>Source Files</Filter>
    </ClCompile>
    <ClCompile Include="sources\renderpass\rpResolve.cpp">
      <Filter>Source Files</Filter>
    </ClCompile>
    <ClCompile Include="sources\pipeline\plResolve.cpp">
      <Filter>Source Files</Filter>
    </ClCompile>
  </ItemGroup>
  <ItemGroup>
    <ClInclude Include="sources\window\sdlwindow.h">
      <Filter>Header Files</Filter>
    </ClInclude>
    <ClInclude Include="sources\include.h">
      <Filter>Header Files</Filter>
    </ClInclude>
    <ClInclude Include="sources\app.h">
      <Filter>Header Files</Filter>
    </ClInclude>
    <ClInclude Include="sources\system.h">
      <Filter>Header Files</Filter>
    </ClInclude>
    <ClInclude Include="sources\common.h">
      <Filter>Header Files</Filter>
    </ClInclude>
    <ClInclude Include="sources\core\device.h">
      <Filter>Header Files</Filter>
    </ClInclude>
    <ClInclude Include="sources\core\deviceManager.h">
      <Filter>Header Files</Filter>
    </ClInclude>
    <ClInclude Include="sources\settings.h">
      <Filter>Header Files</Filter>
    </ClInclude>
    <ClInclude Include="sources\core\cmdManager.h">
      <Filter>Header Files</Filter>
    </ClInclude>
    <ClInclude Include="sources\resources\frame.h">
      <Filter>Header Files</Filter>
    </ClInclude>
    <ClInclude Include="sources\resources\image.h">
      <Filter>Header Files</Filter>
    </ClInclude>
    <ClInclude Include="sources\renderpass\renderpass.h">
      <Filter>Header Files</Filter>
    </ClInclude>
    <ClInclude Include="sources\core\swapchain.h">
      <Filter>Header Files</Filter>
    </ClInclude>
    <ClInclude Include="sources\resources\shader.h">
      <Filter>Header Files</Filter>
    </ClInclude>
    <ClInclude Include="sources\file.h">
      <Filter>Header Files</Filter>
    </ClInclude>
    <ClInclude Include="sources\core\descriptor.h">
      <Filter>Header Files</Filter>
    </ClInclude>
    <ClInclude Include="sources\pipeline\pipeline.h">
      <Filter>Header Files</Filter>
    </ClInclude>
    <ClInclude Include="sources\structure\structure.h">
      <Filter>Header Files</Filter>
    </ClInclude>
    <ClInclude Include="sources\structure\defaultStructure.h">
      <Filter>Header Files</Filter>
    </ClInclude>
    <ClInclude Include="sources\renderpass\rpResolve.h">
      <Filter>Header Files</Filter>
    </ClInclude>
    <ClInclude Include="sources\pipeline\plResolve.h">
      <Filter>Header Files</Filter>
    </ClInclude>
  </ItemGroup>
  <ItemGroup>
    <None Include="sources\shaders\triangle.frag" />
    <None Include="sources\shaders\triangle.vert" />
    <None Include="shaders\triangle.frag" />
    <None Include="shaders\triangle.vert" />
  </ItemGroup>
</Project>